
Microsoft Visual Studio Solution File, Format Version 12.00
# Visual Studio 15
VisualStudioVersion = 15.0.27004.2002
MinimumVisualStudioVersion = 10.0.40219.1
Project("{FAE04EC0-301F-11D3-BF4B-00C04F79EFBC}") = "Zadatak_1", "Zadatak_1\Zadatak_1.csproj", "{37A6E0EB-737B-43A1-A18E-4263ACE7621C}"
EndProject
Project("{FAE04EC0-301F-11D3-BF4B-00C04F79EFBC}") = "Zadatak_2", "Zadatak_2\Zadatak_2.csproj", "{5A54504E-BCCB-4385-A918-E944653EA5CE}"
EndProject
Global
	GlobalSection(SolutionConfigurationPlatforms) = preSolution
		Debug|Any CPU = Debug|Any CPU
		Release|Any CPU = Release|Any CPU
	EndGlobalSection
	GlobalSection(ProjectConfigurationPlatforms) = postSolution
		{37A6E0EB-737B-43A1-A18E-4263ACE7621C}.Debug|Any CPU.ActiveCfg = Debug|Any CPU
		{37A6E0EB-737B-43A1-A18E-4263ACE7621C}.Debug|Any CPU.Build.0 = Debug|Any CPU
		{37A6E0EB-737B-43A1-A18E-4263ACE7621C}.Release|Any CPU.ActiveCfg = Release|Any CPU
		{37A6E0EB-737B-43A1-A18E-4263ACE7621C}.Release|Any CPU.Build.0 = Release|Any CPU
		{5A54504E-BCCB-4385-A918-E944653EA5CE}.Debug|Any CPU.ActiveCfg = Debug|Any CPU
		{5A54504E-BCCB-4385-A918-E944653EA5CE}.Debug|Any CPU.Build.0 = Debug|Any CPU
		{5A54504E-BCCB-4385-A918-E944653EA5CE}.Release|Any CPU.ActiveCfg = Release|Any CPU
		{5A54504E-BCCB-4385-A918-E944653EA5CE}.Release|Any CPU.Build.0 = Release|Any CPU
	EndGlobalSection
	GlobalSection(SolutionProperties) = preSolution
		HideSolutionNode = FALSE
	EndGlobalSection
	GlobalSection(ExtensibilityGlobals) = postSolution
		SolutionGuid = {D32BEC7E-90D9-4ED9-923D-5F0380E12970}
	EndGlobalSection
EndGlobal
